
Microsoft Visual Studio Solution File, Format Version 12.00
# Visual Studio 14
VisualStudioVersion = 14.0.25420.1
MinimumVisualStudioVersion = 10.0.40219.1
Project("{FAE04EC0-301F-11D3-BF4B-00C04F79EFBC}") = "LearningCenterWebApp", "LearningCenterWebApp\LearningCenterWebApp.csproj", "{DAAF8C01-8F35-4145-962C-417CBA516130}"
EndProject
Project("{FAE04EC0-301F-11D3-BF4B-00C04F79EFBC}") = "LearningCenterRepository", "LearningCenterRepository\LearningCenterRepository.csproj", "{BBCE4387-223A-42D2-AA34-6303C300318D}"
EndProject
Project("{FAE04EC0-301F-11D3-BF4B-00C04F79EFBC}") = "LearningCenterDatabase", "LearningCenterDatabase\LearningCenterDatabase.csproj", "{BB1EA3F8-781E-499A-857D-07A22C75140D}"
EndProject
Project("{FAE04EC0-301F-11D3-BF4B-00C04F79EFBC}") = "LearningCenterBusiness", "LearningCenterBusiness\LearningCenterBusiness.csproj", "{5006D39D-BEBD-46F7-86B6-53B347399380}"
EndProject
Global
	GlobalSection(SolutionConfigurationPlatforms) = preSolution
		Debug|Any CPU = Debug|Any CPU
		Release|Any CPU = Release|Any CPU
	EndGlobalSection
	GlobalSection(ProjectConfigurationPlatforms) = postSolution
		{DAAF8C01-8F35-4145-962C-417CBA516130}.Debug|Any CPU.ActiveCfg = Debug|Any CPU
		{DAAF8C01-8F35-4145-962C-417CBA516130}.Debug|Any CPU.Build.0 = Debug|Any CPU
		{DAAF8C01-8F35-4145-962C-417CBA516130}.Release|Any CPU.ActiveCfg = Release|Any CPU
		{DAAF8C01-8F35-4145-962C-417CBA516130}.Release|Any CPU.Build.0 = Release|Any CPU
		{BBCE4387-223A-42D2-AA34-6303C300318D}.Debug|Any CPU.ActiveCfg = Debug|Any CPU
		{BBCE4387-223A-42D2-AA34-6303C300318D}.Debug|Any CPU.Build.0 = Debug|Any CPU
		{BBCE4387-223A-42D2-AA34-6303C300318D}.Release|Any CPU.ActiveCfg = Release|Any CPU
		{BBCE4387-223A-42D2-AA34-6303C300318D}.Release|Any CPU.Build.0 = Release|Any CPU
		{BB1EA3F8-781E-499A-857D-07A22C75140D}.Debug|Any CPU.ActiveCfg = Debug|Any CPU
		{BB1EA3F8-781E-499A-857D-07A22C75140D}.Debug|Any CPU.Build.0 = Debug|Any CPU
		{BB1EA3F8-781E-499A-857D-07A22C75140D}.Release|Any CPU.ActiveCfg = Release|Any CPU
		{BB1EA3F8-781E-499A-857D-07A22C75140D}.Release|Any CPU.Build.0 = Release|Any CPU
		{5006D39D-BEBD-46F7-86B6-53B347399380}.Debug|Any CPU.ActiveCfg = Debug|Any CPU
		{5006D39D-BEBD-46F7-86B6-53B347399380}.Debug|Any CPU.Build.0 = Debug|Any CPU
		{5006D39D-BEBD-46F7-86B6-53B347399380}.Release|Any CPU.ActiveCfg = Release|Any CPU
		{5006D39D-BEBD-46F7-86B6-53B347399380}.Release|Any CPU.Build.0 = Release|Any CPU
	EndGlobalSection
	GlobalSection(SolutionProperties) = preSolution
		HideSolutionNode = FALSE
	EndGlobalSection
EndGlobal
